# tome.lock — regenerated by scripts/tome_lock.py
#
# Integrity record for everything in tome.yaml's `includes` block.
# Pins SHA-256 + byte length per file. Does NOT contain file contents.
#
# Spec: tome-lock-draft-01 (briefings/tome-spec-draft-01.md)
# Contract: re-running on unchanged source files MUST produce a
# byte-identical lockfile. If this file changes when nothing else
# has, that's a generator bug.
#
# Commit this file. Treat lockfile drift as a hard CI failure.

lockfile_version: tome-lock-draft-01
manifest_hash: sha256-ad7eb8c7412a618a14000ea3af194afc595913d072d9e219e20dd1953e19a8d2
resolved:
  configs:
  - path: CLAUDE.md
    sha256: 7bfe7da509574de0a14afe87d0355f71c38b5de49345ce4f2d5092fcd1e882ae
    bytes: 4932
  - path: AGENTS.md
    sha256: 7bfe7da509574de0a14afe87d0355f71c38b5de49345ce4f2d5092fcd1e882ae
    bytes: 4932
  skills:
  - path: skills/adversarial-test.md
    sha256: 8177191079cd73a13c954dab39c438d4088457f3043667472b03dc0e2cb2b1ec
    bytes: 6777
  - path: skills/changelog.md
    sha256: 208770eb7062ae906ebaba1f12746f70e560af3f7c58a8b7828a1ebc84dc7bc6
    bytes: 4155
  - path: skills/decision-memo.md
    sha256: a8808a7608c2f26bece2887f9f5543d9806771ed66e6da5dffab59d1a587dd22
    bytes: 5297
  - path: skills/diagnose-before-acting.md
    sha256: 0d2fc2bbe4b8bdcada7f42136911e86f166270f25e05fbb5fe96956c26b300ee
    bytes: 6490
  - path: skills/docs-write.md
    sha256: 49238ca3da4a25ac70c4455eeb6fab9fa8ae6e85cd8a0334807afe977f3afe2c
    bytes: 20930
  - path: skills/first-time-action-gate.md
    sha256: 2fdec6c113bf05028dad82b0e2e703572a162925dc42c571999072606e71c2ed
    bytes: 11123
  - path: skills/grill-me.md
    sha256: a6ed8e1295bc589cbf8bae92a981087133dada4dff9610193184d0670de29854
    bytes: 2831
  - path: skills/hard-evidence-under-pushback.md
    sha256: b48d3c59084e4a255427953aa5d1ce171c6b95d7d1b278b93bb227cc466fe7e0
    bytes: 6687
  - path: skills/improve-codebase-architecture/SKILL.md
    sha256: 9e9b617b1c70d390e37dbfd1c031c11b3de850e2e3d01c4a2c2888bdb386a247
    bytes: 5140
  - path: skills/incident-recovery.md
    sha256: d19cd22f183dfb3ac7d1d0949b9aaae97af8842cd2892a3d2679c74f47490748
    bytes: 8454
  - path: skills/memory-write.md
    sha256: 950f6eabe89148152c45214b1d69f8e6a9ca13fefed6f7d0a235f2ceea86c90f
    bytes: 9245
  - path: skills/morning-brief.md
    sha256: 5ccd890ac4bb8b989cac1341919551416d9b85fcac663353b95da7746df1ffc3
    bytes: 7659
  - path: skills/multi-target-publish.md
    sha256: 7c0be4aff1332e43230d1595eaae388c0bf9124f77c7fba14e88a04a86218025
    bytes: 9303
  - path: skills/pre-ship-adversary.md
    sha256: d2d6420afccc86302570b71edb693bd7ba36059a7b5a0f602b6e16cdacbe9961
    bytes: 5967
  - path: skills/roadmap-item.md
    sha256: 0e73a10b1ba358cb0414397d6fe7c4190a638ea355b001df88a718ab05686e9c
    bytes: 15289
  - path: skills/session-debrief.md
    sha256: 8839501bcb1d7db8038b96dbb81998e68e9c9288a578ec65442a63e762a411d3
    bytes: 6282
  - path: skills/strategic-realignment.md
    sha256: b7cada221ec492dd63e0662ae258ddef2a4fc59cd5de873b92e6b754647f5b60
    bytes: 7352
  - path: skills/to-prd.md
    sha256: f3b18c71fd9053725ce08f4dac834f63cdc02a48fd1fe46feccf97ea4ba65d1d
    bytes: 6007
  - path: skills/tomevault-design.md
    sha256: 6db3bb5978334f1258940d1c935331fa7fd4d730bf0986f107111d8c18ffdee0
    bytes: 3898
  - path: skills/vocabulary-check.md
    sha256: e5b8f08bd681ce5a8a708dd3fcfa7b61fa31dfc475526667ff706cb5ee46586a
    bytes: 6401
generated_at: '2026-05-14T11:23:52Z'
generator: tome-cli/0.1.0
